
Microsoft Visual Studio Solution File, Format Version 12.00
# Visual Studio 15
VisualStudioVersion = 15.0.27130.2024
MinimumVisualStudioVersion = 10.0.40219.1
Project("{FAE04EC0-301F-11D3-BF4B-00C04F79EFBC}") = "CancellingTasks", "LearnParallel\CancellingTasks.csproj", "{05624CBF-E227-4A63-A10E-DF6430A317A2}"
EndProject
Project("{FAE04EC0-301F-11D3-BF4B-00C04F79EFBC}") = "CancellingTasksComposed", "CancellingTasksComposed\CancellingTasksComposed.csproj", "{13576436-302D-4AF3-828F-6D2B7F1B6995}"
EndProject
Project("{FAE04EC0-301F-11D3-BF4B-00C04F79EFBC}") = "WaitToCancel", "WaitToCancel\WaitToCancel.csproj", "{45A0E722-7726-46FE-838C-98E2160FB7D9}"
EndProject
Project("{FAE04EC0-301F-11D3-BF4B-00C04F79EFBC}") = "WaitTasks", "WaitTasks\WaitTasks.csproj", "{52B6B2D8-9793-4ADB-BDEE-08293452EE52}"
EndProject
Project("{FAE04EC0-301F-11D3-BF4B-00C04F79EFBC}") = "ExceptionHandling", "ExceptionHandling\ExceptionHandling.csproj", "{0B44DEB1-5BA3-4BD2-9B71-3292B217B34B}"
EndProject
Project("{FAE04EC0-301F-11D3-BF4B-00C04F79EFBC}") = "Sincronization", "Sincronization\Sincronization.csproj", "{F3A52797-1CF8-4360-A58F-3742D9CF2F93}"
EndProject
Project("{FAE04EC0-301F-11D3-BF4B-00C04F79EFBC}") = "SincronizationSpinLock", "SincronizationSpinLock\SincronizationSpinLock.csproj", "{46806475-3C1B-49F6-B672-00AF694650B5}"
EndProject
Project("{FAE04EC0-301F-11D3-BF4B-00C04F79EFBC}") = "SincronizationMutex", "SincronizationMutex\SincronizationMutex.csproj", "{39BDE16E-9C18-499F-B9FD-37ADDEE7A532}"
EndProject
Project("{FAE04EC0-301F-11D3-BF4B-00C04F79EFBC}") = "ReadWriterLock", "ReadWriterLock\ReadWriterLock.csproj", "{C79038BC-CD23-4A81-8A35-EC468B50802F}"
EndProject
Project("{FAE04EC0-301F-11D3-BF4B-00C04F79EFBC}") = "SampleConcurrentDictionary", "SampleConcurrentDictionary\SampleConcurrentDictionary.csproj", "{78407DEA-516C-4C54-92D2-8BD1C6D0B6A5}"
EndProject
Project("{FAE04EC0-301F-11D3-BF4B-00C04F79EFBC}") = "SampleConcurrentQueue", "SampleConcurrentQueue\SampleConcurrentQueue.csproj", "{ABD530F0-2F55-4BA8-AF99-BD5DDD01AD92}"
EndProject
Project("{FAE04EC0-301F-11D3-BF4B-00C04F79EFBC}") = "SampleConcurrentStack", "SampleConcurrentStack\SampleConcurrentStack.csproj", "{DBEF8D0F-61F0-4694-81AE-C5E793BAB18C}"
EndProject
Project("{FAE04EC0-301F-11D3-BF4B-00C04F79EFBC}") = "SampleConcurrentBag", "SampleConcurrentBag\SampleConcurrentBag.csproj", "{0A98225A-7AD9-48E6-A523-5DE211306F79}"
EndProject
Project("{FAE04EC0-301F-11D3-BF4B-00C04F79EFBC}") = "SampleBlockingCollection", "SampleBlockingCollection\SampleBlockingCollection.csproj", "{BC8F1B78-4715-4DB6-9E9F-785A5BDEE75F}"
EndProject
Project("{FAE04EC0-301F-11D3-BF4B-00C04F79EFBC}") = "Continuations", "Continuations\Continuations.csproj", "{40D600C0-AD42-4A4E-B3EB-48114765860F}"
EndProject
Project("{FAE04EC0-301F-11D3-BF4B-00C04F79EFBC}") = "ChildTasks", "ChildTasks\ChildTasks.csproj", "{84971D3D-EA73-4ADC-9337-9EAE999E94E3}"
EndProject
Project("{FAE04EC0-301F-11D3-BF4B-00C04F79EFBC}") = "BarrierSincronize", "BarrierSincronize\BarrierSincronize.csproj", "{F81B97C7-2124-4814-A7A9-5551B7C6D0C7}"
EndProject
Project("{FAE04EC0-301F-11D3-BF4B-00C04F79EFBC}") = "CountDownEventSincronize", "CountDownEvent\CountDownEventSincronize.csproj", "{59B75B13-F403-4C8A-9FCC-7E93283E5D60}"
EndProject
Project("{FAE04EC0-301F-11D3-BF4B-00C04F79EFBC}") = "AutoManualResetEvent", "AutoManualResetEvent\AutoManualResetEvent.csproj", "{99C3A7D4-FAA9-4C7A-977A-6BA4BA8AABE0}"
EndProject
Project("{FAE04EC0-301F-11D3-BF4B-00C04F79EFBC}") = "SemaphoreSincronize", "SemaphoreSincronize\SemaphoreSincronize.csproj", "{10825ACB-8A28-47F7-BE6C-CC8AF30FB763}"
EndProject
Project("{FAE04EC0-301F-11D3-BF4B-00C04F79EFBC}") = "ParallelLoopSample", "ParallelLoopSample\ParallelLoopSample.csproj", "{488A9CB1-ED60-4231-AC84-1C9CA9A8ED79}"
EndProject
Project("{FAE04EC0-301F-11D3-BF4B-00C04F79EFBC}") = "LoopErrorHandler", "LoopErrorHandler\LoopErrorHandler.csproj", "{A3FBD48C-FBC6-4D40-8620-34B9CCC6D782}"
EndProject
Project("{FAE04EC0-301F-11D3-BF4B-00C04F79EFBC}") = "ThreadLocalStorage", "ThreadLocalStorage\ThreadLocalStorage.csproj", "{C6215891-9F2A-4379-8064-9FDD5A6B31DF}"
EndProject
Project("{FAE04EC0-301F-11D3-BF4B-00C04F79EFBC}") = "PartitioningSample", "PartitioningSample\PartitioningSample.csproj", "{5551CF4B-5FDF-46DF-A40A-CF5FEA6EB253}"
EndProject
Project("{FAE04EC0-301F-11D3-BF4B-00C04F79EFBC}") = "ParallelLinq", "ParallelLinq\ParallelLinq.csproj", "{DA3EDA04-3872-4FDD-935D-21C5FDA6075B}"
EndProject
Project("{FAE04EC0-301F-11D3-BF4B-00C04F79EFBC}") = "LinqErrorHandler", "LinqErrorHandler\LinqErrorHandler.csproj", "{8C40C2C5-6E49-4548-8A30-ACE542AE072A}"
EndProject
Project("{FAE04EC0-301F-11D3-BF4B-00C04F79EFBC}") = "LinqMergeOptions", "LinqMergeOptions\LinqMergeOptions.csproj", "{7A32C9F7-1739-46BA-A9CF-B150D5A86C54}"
EndProject
Project("{FAE04EC0-301F-11D3-BF4B-00C04F79EFBC}") = "LinqAggregate", "LinqAggregate\LinqAggregate.csproj", "{71C3DF13-0D5F-4E9E-901E-CFA0CB062C2D}"
EndProject
Global
	GlobalSection(SolutionConfigurationPlatforms) = preSolution
		Debug|Any CPU = Debug|Any CPU
		Release|Any CPU = Release|Any CPU
	EndGlobalSection
	GlobalSection(ProjectConfigurationPlatforms) = postSolution
		{05624CBF-E227-4A63-A10E-DF6430A317A2}.Debug|Any CPU.ActiveCfg = Debug|Any CPU
		{05624CBF-E227-4A63-A10E-DF6430A317A2}.Debug|Any CPU.Build.0 = Debug|Any CPU
		{05624CBF-E227-4A63-A10E-DF6430A317A2}.Release|Any CPU.ActiveCfg = Release|Any CPU
		{05624CBF-E227-4A63-A10E-DF6430A317A2}.Release|Any CPU.Build.0 = Release|Any CPU
		{13576436-302D-4AF3-828F-6D2B7F1B6995}.Debug|Any CPU.ActiveCfg = Debug|Any CPU
		{13576436-302D-4AF3-828F-6D2B7F1B6995}.Debug|Any CPU.Build.0 = Debug|Any CPU
		{13576436-302D-4AF3-828F-6D2B7F1B6995}.Release|Any CPU.ActiveCfg = Release|Any CPU
		{13576436-302D-4AF3-828F-6D2B7F1B6995}.Release|Any CPU.Build.0 = Release|Any CPU
		{45A0E722-7726-46FE-838C-98E2160FB7D9}.Debug|Any CPU.ActiveCfg = Debug|Any CPU
		{45A0E722-7726-46FE-838C-98E2160FB7D9}.Debug|Any CPU.Build.0 = Debug|Any CPU
		{45A0E722-7726-46FE-838C-98E2160FB7D9}.Release|Any CPU.ActiveCfg = Release|Any CPU
		{45A0E722-7726-46FE-838C-98E2160FB7D9}.Release|Any CPU.Build.0 = Release|Any CPU
		{52B6B2D8-9793-4ADB-BDEE-08293452EE52}.Debug|Any CPU.ActiveCfg = Debug|Any CPU
		{52B6B2D8-9793-4ADB-BDEE-08293452EE52}.Debug|Any CPU.Build.0 = Debug|Any CPU
		{52B6B2D8-9793-4ADB-BDEE-08293452EE52}.Release|Any CPU.ActiveCfg = Release|Any CPU
		{52B6B2D8-9793-4ADB-BDEE-08293452EE52}.Release|Any CPU.Build.0 = Release|Any CPU
		{0B44DEB1-5BA3-4BD2-9B71-3292B217B34B}.Debug|Any CPU.ActiveCfg = Debug|Any CPU
		{0B44DEB1-5BA3-4BD2-9B71-3292B217B34B}.Debug|Any CPU.Build.0 = Debug|Any CPU
		{0B44DEB1-5BA3-4BD2-9B71-3292B217B34B}.Release|Any CPU.ActiveCfg = Release|Any CPU
		{0B44DEB1-5BA3-4BD2-9B71-3292B217B34B}.Release|Any CPU.Build.0 = Release|Any CPU
		{F3A52797-1CF8-4360-A58F-3742D9CF2F93}.Debug|Any CPU.ActiveCfg = Debug|Any CPU
		{F3A52797-1CF8-4360-A58F-3742D9CF2F93}.Debug|Any CPU.Build.0 = Debug|Any CPU
		{F3A52797-1CF8-4360-A58F-3742D9CF2F93}.Release|Any CPU.ActiveCfg = Release|Any CPU
		{F3A52797-1CF8-4360-A58F-3742D9CF2F93}.Release|Any CPU.Build.0 = Release|Any CPU
		{46806475-3C1B-49F6-B672-00AF694650B5}.Debug|Any CPU.ActiveCfg = Debug|Any CPU
		{46806475-3C1B-49F6-B672-00AF694650B5}.Debug|Any CPU.Build.0 = Debug|Any CPU
		{46806475-3C1B-49F6-B672-00AF694650B5}.Release|Any CPU.ActiveCfg = Release|Any CPU
		{46806475-3C1B-49F6-B672-00AF694650B5}.Release|Any CPU.Build.0 = Release|Any CPU
		{39BDE16E-9C18-499F-B9FD-37ADDEE7A532}.Debug|Any CPU.ActiveCfg = Debug|Any CPU
		{39BDE16E-9C18-499F-B9FD-37ADDEE7A532}.Debug|Any CPU.Build.0 = Debug|Any CPU
		{39BDE16E-9C18-499F-B9FD-37ADDEE7A532}.Release|Any CPU.ActiveCfg = Release|Any CPU
		{39BDE16E-9C18-499F-B9FD-37ADDEE7A532}.Release|Any CPU.Build.0 = Release|Any CPU
		{C79038BC-CD23-4A81-8A35-EC468B50802F}.Debug|Any CPU.ActiveCfg = Debug|Any CPU
		{C79038BC-CD23-4A81-8A35-EC468B50802F}.Debug|Any CPU.Build.0 = Debug|Any CPU
		{C79038BC-CD23-4A81-8A35-EC468B50802F}.Release|Any CPU.ActiveCfg = Release|Any CPU
		{C79038BC-CD23-4A81-8A35-EC468B50802F}.Release|Any CPU.Build.0 = Release|Any CPU
		{78407DEA-516C-4C54-92D2-8BD1C6D0B6A5}.Debug|Any CPU.ActiveCfg = Debug|Any CPU
		{78407DEA-516C-4C54-92D2-8BD1C6D0B6A5}.Debug|Any CPU.Build.0 = Debug|Any CPU
		{78407DEA-516C-4C54-92D2-8BD1C6D0B6A5}.Release|Any CPU.ActiveCfg = Release|Any CPU
		{78407DEA-516C-4C54-92D2-8BD1C6D0B6A5}.Release|Any CPU.Build.0 = Release|Any CPU
		{ABD530F0-2F55-4BA8-AF99-BD5DDD01AD92}.Debug|Any CPU.ActiveCfg = Debug|Any CPU
		{ABD530F0-2F55-4BA8-AF99-BD5DDD01AD92}.Debug|Any CPU.Build.0 = Debug|Any CPU
		{ABD530F0-2F55-4BA8-AF99-BD5DDD01AD92}.Release|Any CPU.ActiveCfg = Release|Any CPU
		{ABD530F0-2F55-4BA8-AF99-BD5DDD01AD92}.Release|Any CPU.Build.0 = Release|Any CPU
		{DBEF8D0F-61F0-4694-81AE-C5E793BAB18C}.Debug|Any CPU.ActiveCfg = Debug|Any CPU
		{DBEF8D0F-61F0-4694-81AE-C5E793BAB18C}.Debug|Any CPU.Build.0 = Debug|Any CPU
		{DBEF8D0F-61F0-4694-81AE-C5E793BAB18C}.Release|Any CPU.ActiveCfg = Release|Any CPU
		{DBEF8D0F-61F0-4694-81AE-C5E793BAB18C}.Release|Any CPU.Build.0 = Release|Any CPU
		{0A98225A-7AD9-48E6-A523-5DE211306F79}.Debug|Any CPU.ActiveCfg = Debug|Any CPU
		{0A98225A-7AD9-48E6-A523-5DE211306F79}.Debug|Any CPU.Build.0 = Debug|Any CPU
		{0A98225A-7AD9-48E6-A523-5DE211306F79}.Release|Any CPU.ActiveCfg = Release|Any CPU
		{0A98225A-7AD9-48E6-A523-5DE211306F79}.Release|Any CPU.Build.0 = Release|Any CPU
		{BC8F1B78-4715-4DB6-9E9F-785A5BDEE75F}.Debug|Any CPU.ActiveCfg = Debug|Any CPU
		{BC8F1B78-4715-4DB6-9E9F-785A5BDEE75F}.Debug|Any CPU.Build.0 = Debug|Any CPU
		{BC8F1B78-4715-4DB6-9E9F-785A5BDEE75F}.Release|Any CPU.ActiveCfg = Release|Any CPU
		{BC8F1B78-4715-4DB6-9E9F-785A5BDEE75F}.Release|Any CPU.Build.0 = Release|Any CPU
		{40D600C0-AD42-4A4E-B3EB-48114765860F}.Debug|Any CPU.ActiveCfg = Debug|Any CPU
		{40D600C0-AD42-4A4E-B3EB-48114765860F}.Debug|Any CPU.Build.0 = Debug|Any CPU
		{40D600C0-AD42-4A4E-B3EB-48114765860F}.Release|Any CPU.ActiveCfg = Release|Any CPU
		{40D600C0-AD42-4A4E-B3EB-48114765860F}.Release|Any CPU.Build.0 = Release|Any CPU
		{84971D3D-EA73-4ADC-9337-9EAE999E94E3}.Debug|Any CPU.ActiveCfg = Debug|Any CPU
		{84971D3D-EA73-4ADC-9337-9EAE999E94E3}.Debug|Any CPU.Build.0 = Debug|Any CPU
		{84971D3D-EA73-4ADC-9337-9EAE999E94E3}.Release|Any CPU.ActiveCfg = Release|Any CPU
		{84971D3D-EA73-4ADC-9337-9EAE999E94E3}.Release|Any CPU.Build.0 = Release|Any CPU
		{F81B97C7-2124-4814-A7A9-5551B7C6D0C7}.Debug|Any CPU.ActiveCfg = Debug|Any CPU
		{F81B97C7-2124-4814-A7A9-5551B7C6D0C7}.Debug|Any CPU.Build.0 = Debug|Any CPU
		{F81B97C7-2124-4814-A7A9-5551B7C6D0C7}.Release|Any CPU.ActiveCfg = Release|Any CPU
		{F81B97C7-2124-4814-A7A9-5551B7C6D0C7}.Release|Any CPU.Build.0 = Release|Any CPU
		{59B75B13-F403-4C8A-9FCC-7E93283E5D60}.Debug|Any CPU.ActiveCfg = Debug|Any CPU
		{59B75B13-F403-4C8A-9FCC-7E93283E5D60}.Debug|Any CPU.Build.0 = Debug|Any CPU
		{59B75B13-F403-4C8A-9FCC-7E93283E5D60}.Release|Any CPU.ActiveCfg = Release|Any CPU
		{59B75B13-F403-4C8A-9FCC-7E93283E5D60}.Release|Any CPU.Build.0 = Release|Any CPU
		{99C3A7D4-FAA9-4C7A-977A-6BA4BA8AABE0}.Debug|Any CPU.ActiveCfg = Debug|Any CPU
		{99C3A7D4-FAA9-4C7A-977A-6BA4BA8AABE0}.Debug|Any CPU.Build.0 = Debug|Any CPU
		{99C3A7D4-FAA9-4C7A-977A-6BA4BA8AABE0}.Release|Any CPU.ActiveCfg = Release|Any CPU
		{99C3A7D4-FAA9-4C7A-977A-6BA4BA8AABE0}.Release|Any CPU.Build.0 = Release|Any CPU
		{10825ACB-8A28-47F7-BE6C-CC8AF30FB763}.Debug|Any CPU.ActiveCfg = Debug|Any CPU
		{10825ACB-8A28-47F7-BE6C-CC8AF30FB763}.Debug|Any CPU.Build.0 = Debug|Any CPU
		{10825ACB-8A28-47F7-BE6C-CC8AF30FB763}.Release|Any CPU.ActiveCfg = Release|Any CPU
		{10825ACB-8A28-47F7-BE6C-CC8AF30FB763}.Release|Any CPU.Build.0 = Release|Any CPU
		{488A9CB1-ED60-4231-AC84-1C9CA9A8ED79}.Debug|Any CPU.ActiveCfg = Debug|Any CPU
		{488A9CB1-ED60-4231-AC84-1C9CA9A8ED79}.Debug|Any CPU.Build.0 = Debug|Any CPU
		{488A9CB1-ED60-4231-AC84-1C9CA9A8ED79}.Release|Any CPU.ActiveCfg = Release|Any CPU
		{488A9CB1-ED60-4231-AC84-1C9CA9A8ED79}.Release|Any CPU.Build.0 = Release|Any CPU
		{A3FBD48C-FBC6-4D40-8620-34B9CCC6D782}.Debug|Any CPU.ActiveCfg = Debug|Any CPU
		{A3FBD48C-FBC6-4D40-8620-34B9CCC6D782}.Debug|Any CPU.Build.0 = Debug|Any CPU
		{A3FBD48C-FBC6-4D40-8620-34B9CCC6D782}.Release|Any CPU.ActiveCfg = Release|Any CPU
		{A3FBD48C-FBC6-4D40-8620-34B9CCC6D782}.Release|Any CPU.Build.0 = Release|Any CPU
		{C6215891-9F2A-4379-8064-9FDD5A6B31DF}.Debug|Any CPU.ActiveCfg = Debug|Any CPU
		{C6215891-9F2A-4379-8064-9FDD5A6B31DF}.Debug|Any CPU.Build.0 = Debug|Any CPU
		{C6215891-9F2A-4379-8064-9FDD5A6B31DF}.Release|Any CPU.ActiveCfg = Release|Any CPU
		{C6215891-9F2A-4379-8064-9FDD5A6B31DF}.Release|Any CPU.Build.0 = Release|Any CPU
		{5551CF4B-5FDF-46DF-A40A-CF5FEA6EB253}.Debug|Any CPU.ActiveCfg = Debug|Any CPU
		{5551CF4B-5FDF-46DF-A40A-CF5FEA6EB253}.Debug|Any CPU.Build.0 = Debug|Any CPU
		{5551CF4B-5FDF-46DF-A40A-CF5FEA6EB253}.Release|Any CPU.ActiveCfg = Release|Any CPU
		{5551CF4B-5FDF-46DF-A40A-CF5FEA6EB253}.Release|Any CPU.Build.0 = Release|Any CPU
		{DA3EDA04-3872-4FDD-935D-21C5FDA6075B}.Debug|Any CPU.ActiveCfg = Debug|Any CPU
		{DA3EDA04-3872-4FDD-935D-21C5FDA6075B}.Debug|Any CPU.Build.0 = Debug|Any CPU
		{DA3EDA04-3872-4FDD-935D-21C5FDA6075B}.Release|Any CPU.ActiveCfg = Release|Any CPU
		{DA3EDA04-3872-4FDD-935D-21C5FDA6075B}.Release|Any CPU.Build.0 = Release|Any CPU
		{8C40C2C5-6E49-4548-8A30-ACE542AE072A}.Debug|Any CPU.ActiveCfg = Debug|Any CPU
		{8C40C2C5-6E49-4548-8A30-ACE542AE072A}.Debug|Any CPU.Build.0 = Debug|Any CPU
		{8C40C2C5-6E49-4548-8A30-ACE542AE072A}.Release|Any CPU.ActiveCfg = Release|Any CPU
		{8C40C2C5-6E49-4548-8A30-ACE542AE072A}.Release|Any CPU.Build.0 = Release|Any CPU
		{7A32C9F7-1739-46BA-A9CF-B150D5A86C54}.Debug|Any CPU.ActiveCfg = Debug|Any CPU
		{7A32C9F7-1739-46BA-A9CF-B150D5A86C54}.Debug|Any CPU.Build.0 = Debug|Any CPU
		{7A32C9F7-1739-46BA-A9CF-B150D5A86C54}.Release|Any CPU.ActiveCfg = Release|Any CPU
		{7A32C9F7-1739-46BA-A9CF-B150D5A86C54}.Release|Any CPU.Build.0 = Release|Any CPU
		{71C3DF13-0D5F-4E9E-901E-CFA0CB062C2D}.Debug|Any CPU.ActiveCfg = Debug|Any CPU
		{71C3DF13-0D5F-4E9E-901E-CFA0CB062C2D}.Debug|Any CPU.Build.0 = Debug|Any CPU
		{71C3DF13-0D5F-4E9E-901E-CFA0CB062C2D}.Release|Any CPU.ActiveCfg = Release|Any CPU
		{71C3DF13-0D5F-4E9E-901E-CFA0CB062C2D}.Release|Any CPU.Build.0 = Release|Any CPU
	EndGlobalSection
	GlobalSection(SolutionProperties) = preSolution
		HideSolutionNode = FALSE
	EndGlobalSection
	GlobalSection(ExtensibilityGlobals) = postSolution
		SolutionGuid = {17A2F8EB-9A39-4018-A4E5-8CDD41BAB19A}
	EndGlobalSection
EndGlobal
