
Microsoft Visual Studio Solution File, Format Version 12.00
# Visual Studio 15
VisualStudioVersion = 15.0.27130.2024
MinimumVisualStudioVersion = 10.0.40219.1
Project("{FAE04EC0-301F-11D3-BF4B-00C04F79EFBC}") = "CancellingTasks", "LearnParallel\CancellingTasks.csproj", "{05624CBF-E227-4A63-A10E-DF6430A317A2}"
EndProject
Project("{FAE04EC0-301F-11D3-BF4B-00C04F79EFBC}") = "CancellingTasksComposed", "CancellingTasksComposed\CancellingTasksComposed.csproj", "{13576436-302D-4AF3-828F-6D2B7F1B6995}"
EndProject
Project("{FAE04EC0-301F-11D3-BF4B-00C04F79EFBC}") = "WaitToCancel", "WaitToCancel\WaitToCancel.csproj", "{45A0E722-7726-46FE-838C-98E2160FB7D9}"
EndProject
Project("{FAE04EC0-301F-11D3-BF4B-00C04F79EFBC}") = "WaitTasks", "WaitTasks\WaitTasks.csproj", "{52B6B2D8-9793-4ADB-BDEE-08293452EE52}"
EndProject
Global
	GlobalSection(SolutionConfigurationPlatforms) = preSolution
		Debug|Any CPU = Debug|Any CPU
		Release|Any CPU = Release|Any CPU
	EndGlobalSection
	GlobalSection(ProjectConfigurationPlatforms) = postSolution
		{05624CBF-E227-4A63-A10E-DF6430A317A2}.Debug|Any CPU.ActiveCfg = Debug|Any CPU
		{05624CBF-E227-4A63-A10E-DF6430A317A2}.Debug|Any CPU.Build.0 = Debug|Any CPU
		{05624CBF-E227-4A63-A10E-DF6430A317A2}.Release|Any CPU.ActiveCfg = Release|Any CPU
		{05624CBF-E227-4A63-A10E-DF6430A317A2}.Release|Any CPU.Build.0 = Release|Any CPU
		{13576436-302D-4AF3-828F-6D2B7F1B6995}.Debug|Any CPU.ActiveCfg = Debug|Any CPU
		{13576436-302D-4AF3-828F-6D2B7F1B6995}.Debug|Any CPU.Build.0 = Debug|Any CPU
		{13576436-302D-4AF3-828F-6D2B7F1B6995}.Release|Any CPU.ActiveCfg = Release|Any CPU
		{13576436-302D-4AF3-828F-6D2B7F1B6995}.Release|Any CPU.Build.0 = Release|Any CPU
		{45A0E722-7726-46FE-838C-98E2160FB7D9}.Debug|Any CPU.ActiveCfg = Debug|Any CPU
		{45A0E722-7726-46FE-838C-98E2160FB7D9}.Debug|Any CPU.Build.0 = Debug|Any CPU
		{45A0E722-7726-46FE-838C-98E2160FB7D9}.Release|Any CPU.ActiveCfg = Release|Any CPU
		{45A0E722-7726-46FE-838C-98E2160FB7D9}.Release|Any CPU.Build.0 = Release|Any CPU
		{52B6B2D8-9793-4ADB-BDEE-08293452EE52}.Debug|Any CPU.ActiveCfg = Debug|Any CPU
		{52B6B2D8-9793-4ADB-BDEE-08293452EE52}.Debug|Any CPU.Build.0 = Debug|Any CPU
		{52B6B2D8-9793-4ADB-BDEE-08293452EE52}.Release|Any CPU.ActiveCfg = Release|Any CPU
		{52B6B2D8-9793-4ADB-BDEE-08293452EE52}.Release|Any CPU.Build.0 = Release|Any CPU
	EndGlobalSection
	GlobalSection(SolutionProperties) = preSolution
		HideSolutionNode = FALSE
	EndGlobalSection
	GlobalSection(ExtensibilityGlobals) = postSolution
		SolutionGuid = {17A2F8EB-9A39-4018-A4E5-8CDD41BAB19A}
	EndGlobalSection
EndGlobal
